// !$*UTF8*$!
{
	archiveVersion = 1;
	classes = {
	};
	objectVersion = 50;
	objects = {

/* Begin PBXBuildFile section */
		9C1E937B260F89B5001318A9 /* AppDelegate.swift in Sources */ = {isa = PBXBuildFile; fileRef = 9C1E937A260F89B5001318A9 /* AppDelegate.swift */; };
		9C1E937D260F89B5001318A9 /* SceneDelegate.swift in Sources */ = {isa = PBXBuildFile; fileRef = 9C1E937C260F89B5001318A9 /* SceneDelegate.swift */; };
		9C1E937F260F89B5001318A9 /* ViewController.swift in Sources */ = {isa = PBXBuildFile; fileRef = 9C1E937E260F89B5001318A9 /* ViewController.swift */; };
		9C1E9382260F89B5001318A9 /* Main.storyboard in Resources */ = {isa = PBXBuildFile; fileRef = 9C1E9380260F89B5001318A9 /* Main.storyboard */; };
		9C1E9384260F89B7001318A9 /* Assets.xcassets in Resources */ = {isa = PBXBuildFile; fileRef = 9C1E9383260F89B7001318A9 /* Assets.xcassets */; };
		9C1E9387260F89B7001318A9 /* LaunchScreen.storyboard in Resources */ = {isa = PBXBuildFile; fileRef = 9C1E9385260F89B7001318A9 /* LaunchScreen.storyboard */; };
		9C1E9392260F89B7001318A9 /* UserManagerTests.swift in Sources */ = {isa = PBXBuildFile; fileRef = 9C1E9391260F89B7001318A9 /* UserManagerTests.swift */; };
		9C1E939D260F89B7001318A9 /* UserManagerUITests.swift in Sources */ = {isa = PBXBuildFile; fileRef = 9C1E939C260F89B7001318A9 /* UserManagerUITests.swift */; };
/* End PBXBuildFile section */

/* Begin PBXContainerItemProxy section */
		9C1E938E260F89B7001318A9 /* PBXContainerItemProxy */ = {
			isa = PBXContainerItemProxy;
			containerPortal = 9C1E936F260F89B5001318A9 /* Project object */;
			proxyType = 1;
			remoteGlobalIDString = 9C1E9376260F89B5001318A9;
			remoteInfo = UserManager;
		};
		9C1E9399260F89B7001318A9 /* PBXContainerItemProxy */ = {
			isa = PBXContainerItemProxy;
			containerPortal = 9C1E936F260F89B5001318A9 /* Project object */;
			proxyType = 1;
			remoteGlobalIDString = 9C1E9376260F89B5001318A9;
			remoteInfo = UserManager;
		};
/* End PBXContainerItemProxy section */

/* Begin PBXFileReference section */
		9C1E9377260F89B5001318A9 /* UserManager.app */ = {isa = PBXFileReference; explicitFileType = wrapper.application; includeInIndex = 0; path = UserManager.app; sourceTree = BUILT_PRODUCTS_DIR; };
		9C1E937A260F89B5001318A9 /* AppDelegate.swift */ = {isa = PBXFileReference; lastKnownFileType = sourcecode.swift; path = AppDelegate.swift; sourceTree = "<group>"; };
		9C1E937C260F89B5001318A9 /* SceneDelegate.swift */ = {isa = PBXFileReference; lastKnownFileType = sourcecode.swift; path = SceneDelegate.swift; sourceTree = "<group>"; };
		9C1E937E260F89B5001318A9 /* ViewController.swift */ = {isa = PBXFileReference; lastKnownFileType = sourcecode.swift; path = ViewController.swift; sourceTree = "<group>"; };
		9C1E9381260F89B5001318A9 /* Base */ = {isa = PBXFileReference; lastKnownFileType = file.storyboard; name = Base; path = Base.lproj/Main.storyboard; sourceTree = "<group>"; };
		9C1E9383260F89B7001318A9 /* Assets.xcassets */ = {isa = PBXFileReference; lastKnownFileType = folder.assetcatalog; path = Assets.xcassets; sourceTree = "<group>"; };
		9C1E9386260F89B7001318A9 /* Base */ = {isa = PBXFileReference; lastKnownFileType = file.storyboard; name = Base; path = Base.lproj/LaunchScreen.storyboard; sourceTree = "<group>"; };
		9C1E9388260F89B7001318A9 /* Info.plist */ = {isa = PBXFileReference; lastKnownFileType = text.plist.xml; path = Info.plist; sourceTree = "<group>"; };
		9C1E938D260F89B7001318A9 /* UserManagerTests.xctest */ = {isa = PBXFileReference; explicitFileType = wrapper.cfbundle; includeInIndex = 0; path = UserManagerTests.xctest; sourceTree = BUILT_PRODUCTS_DIR; };
		9C1E9391260F89B7001318A9 /* UserManagerTests.swift */ = {isa = PBXFileReference; lastKnownFileType = sourcecode.swift; path = UserManagerTests.swift; sourceTree = "<group>"; };
		9C1E9393260F89B7001318A9 /* Info.plist */ = {isa = PBXFileReference; lastKnownFileType = text.plist.xml; path = Info.plist; sourceTree = "<group>"; };
		9C1E9398260F89B7001318A9 /* UserManagerUITests.xctest */ = {isa = PBXFileReference; explicitFileType = wrapper.cfbundle; includeInIndex = 0; path = UserManagerUITests.xctest; sourceTree = BUILT_PRODUCTS_DIR; };
		9C1E939C260F89B7001318A9 /* UserManagerUITests.swift */ = {isa = PBXFileReference; lastKnownFileType = sourcecode.swift; path = UserManagerUITests.swift; sourceTree = "<group>"; };
		9C1E939E260F89B7001318A9 /* Info.plist */ = {isa = PBXFileReference; lastKnownFileType = text.plist.xml; path = Info.plist; sourceTree = "<group>"; };
/* End PBXFileReference section */

/* Begin PBXFrameworksBuildPhase section */
		9C1E9374260F89B5001318A9 /* Frameworks */ = {
			isa = PBXFrameworksBuildPhase;
			buildActionMask = 2147483647;
			files = (
			);
			runOnlyForDeploymentPostprocessing = 0;
		};
		9C1E938A260F89B7001318A9 /* Frameworks */ = {
			isa = PBXFrameworksBuildPhase;
			buildActionMask = 2147483647;
			files = (
			);
			runOnlyForDeploymentPostprocessing = 0;
		};
		9C1E9395260F89B7001318A9 /* Frameworks */ = {
			isa = PBXFrameworksBuildPhase;
			buildActionMask = 2147483647;
			files = (
			);
			runOnlyForDeploymentPostprocessing = 0;
		};
/* End PBXFrameworksBuildPhase section */

/* Begin PBXGroup section */
		9C1E936E260F89B5001318A9 = {
			isa = PBXGroup;
			children = (
				9C1E9379260F89B5001318A9 /* UserManager */,
				9C1E9390260F89B7001318A9 /* UserManagerTests */,
				9C1E939B260F89B7001318A9 /* UserManagerUITests */,
				9C1E9378260F89B5001318A9 /* Products */,
			);
			sourceTree = "<group>";
		};
		9C1E9378260F89B5001318A9 /* Products */ = {
			isa = PBXGroup;
			children = (
				9C1E9377260F89B5001318A9 /* UserManager.app */,
				9C1E938D260F89B7001318A9 /* UserManagerTests.xctest */,
				9C1E9398260F89B7001318A9 /* UserManagerUITests.xctest */,
			);
			name = Products;
			sourceTree = "<group>";
		};
		9C1E9379260F89B5001318A9 /* UserManager */ = {
			isa = PBXGroup;
			children = (
				9C1E937A260F89B5001318A9 /* AppDelegate.swift */,
				9C1E937C260F89B5001318A9 /* SceneDelegate.swift */,
				9C1E937E260F89B5001318A9 /* ViewController.swift */,
				9C1E9380260F89B5001318A9 /* Main.storyboard */,
				9C1E9383260F89B7001318A9 /* Assets.xcassets */,
				9C1E9385260F89B7001318A9 /* LaunchScreen.storyboard */,
				9C1E9388260F89B7001318A9 /* Info.plist */,
			);
			path = UserManager;
			sourceTree = "<group>";
		};
		9C1E9390260F89B7001318A9 /* UserManagerTests */ = {
			isa = PBXGroup;
			children = (
				9C1E9391260F89B7001318A9 /* UserManagerTests.swift */,
				9C1E9393260F89B7001318A9 /* Info.plist */,
			);
			path = UserManagerTests;
			sourceTree = "<group>";
		};
		9C1E939B260F89B7001318A9 /* UserManagerUITests */ = {
			isa = PBXGroup;
			children = (
				9C1E939C260F89B7001318A9 /* UserManagerUITests.swift */,
				9C1E939E260F89B7001318A9 /* Info.plist */,
			);
			path = UserManagerUITests;
			sourceTree = "<group>";
		};
/* End PBXGroup section */

/* Begin PBXNativeTarget section */
		9C1E9376260F89B5001318A9 /* UserManager */ = {
			isa = PBXNativeTarget;
			buildConfigurationList = 9C1E93A1260F89B7001318A9 /* Build configuration list for PBXNativeTarget "UserManager" */;
			buildPhases = (
				9C1E9373260F89B5001318A9 /* Sources */,
				9C1E9374260F89B5001318A9 /* Frameworks */,
				9C1E9375260F89B5001318A9 /* Resources */,
			);
			buildRules = (
			);
			dependencies = (
			);
			name = UserManager;
			productName = UserManager;
			productReference = 9C1E9377260F89B5001318A9 /* UserManager.app */;
			productType = "com.apple.product-type.application";
		};
		9C1E938C260F89B7001318A9 /* UserManagerTests */ = {
			isa = PBXNativeTarget;
			buildConfigurationList = 9C1E93A4260F89B7001318A9 /* Build configuration list for PBXNativeTarget "UserManagerTests" */;
			buildPhases = (
				9C1E9389260F89B7001318A9 /* Sources */,
				9C1E938A260F89B7001318A9 /* Frameworks */,
				9C1E938B260F89B7001318A9 /* Resources */,
			);
			buildRules = (
			);
			dependencies = (
				9C1E938F260F89B7001318A9 /* PBXTargetDependency */,
			);
			name = UserManagerTests;
			productName = UserManagerTests;
			productReference = 9C1E938D260F89B7001318A9 /* UserManagerTests.xctest */;
			productType = "com.apple.product-type.bundle.unit-test";
		};
		9C1E9397260F89B7001318A9 /* UserManagerUITests */ = {
			isa = PBXNativeTarget;
			buildConfigurationList = 9C1E93A7260F89B7001318A9 /* Build configuration list for PBXNativeTarget "UserManagerUITests" */;
			buildPhases = (
				9C1E9394260F89B7001318A9 /* Sources */,
				9C1E9395260F89B7001318A9 /* Frameworks */,
				9C1E9396260F89B7001318A9 /* Resources */,
			);
			buildRules = (
			);
			dependencies = (
				9C1E939A260F89B7001318A9 /* PBXTargetDependency */,
			);
			name = UserManagerUITests;
			productName = UserManagerUITests;
			productReference = 9C1E9398260F89B7001318A9 /* UserManagerUITests.xctest */;
			productType = "com.apple.product-type.bundle.ui-testing";
		};
/* End PBXNativeTarget section */

/* Begin PBXProject section */
		9C1E936F260F89B5001318A9 /* Project object */ = {
			isa = PBXProject;
			attributes = {
				LastSwiftUpdateCheck = 1240;
				LastUpgradeCheck = 1240;
				TargetAttributes = {
					9C1E9376260F89B5001318A9 = {
						CreatedOnToolsVersion = 12.4;
					};
					9C1E938C260F89B7001318A9 = {
						CreatedOnToolsVersion = 12.4;
						TestTargetID = 9C1E9376260F89B5001318A9;
					};
					9C1E9397260F89B7001318A9 = {
						CreatedOnToolsVersion = 12.4;
						TestTargetID = 9C1E9376260F89B5001318A9;
					};
				};
			};
			buildConfigurationList = 9C1E9372260F89B5001318A9 /* Build configuration list for PBXProject "UserManager" */;
			compatibilityVersion = "Xcode 9.3";
			developmentRegion = en;
			hasScannedForEncodings = 0;
			knownRegions = (
				en,
				Base,
			);
			mainGroup = 9C1E936E260F89B5001318A9;
			productRefGroup = 9C1E9378260F89B5001318A9 /* Products */;
			projectDirPath = "";
			projectRoot = "";
			targets = (
				9C1E9376260F89B5001318A9 /* UserManager */,
				9C1E938C260F89B7001318A9 /* UserManagerTests */,
				9C1E9397260F89B7001318A9 /* UserManagerUITests */,
			);
		};
/* End PBXProject section */

/* Begin PBXResourcesBuildPhase section */
		9C1E9375260F89B5001318A9 /* Resources */ = {
			isa = PBXResourcesBuildPhase;
			buildActionMask = 2147483647;
			files = (
				9C1E9387260F89B7001318A9 /* LaunchScreen.storyboard in Resources */,
				9C1E9384260F89B7001318A9 /* Assets.xcassets in Resources */,
				9C1E9382260F89B5001318A9 /* Main.storyboard in Resources */,
			);
			runOnlyForDeploymentPostprocessing = 0;
		};
		9C1E938B260F89B7001318A9 /* Resources */ = {
			isa = PBXResourcesBuildPhase;
			buildActionMask = 2147483647;
			files = (
			);
			runOnlyForDeploymentPostprocessing = 0;
		};
		9C1E9396260F89B7001318A9 /* Resources */ = {
			isa = PBXResourcesBuildPhase;
			buildActionMask = 2147483647;
			files = (
			);
			runOnlyForDeploymentPostprocessing = 0;
		};
/* End PBXResourcesBuildPhase section */

/* Begin PBXSourcesBuildPhase section */
		9C1E9373260F89B5001318A9 /* Sources */ = {
			isa = PBXSourcesBuildPhase;
			buildActionMask = 2147483647;
			files = (
				9C1E937F260F89B5001318A9 /* ViewController.swift in Sources */,
				9C1E937B260F89B5001318A9 /* AppDelegate.swift in Sources */,
				9C1E937D260F89B5001318A9 /* SceneDelegate.swift in Sources */,
			);
			runOnlyForDeploymentPostprocessing = 0;
		};
		9C1E9389260F89B7001318A9 /* Sources */ = {
			isa = PBXSourcesBuildPhase;
			buildActionMask = 2147483647;
			files = (
				9C1E9392260F89B7001318A9 /* UserManagerTests.swift in Sources */,
			);
			runOnlyForDeploymentPostprocessing = 0;
		};
		9C1E9394260F89B7001318A9 /* Sources */ = {
			isa = PBXSourcesBuildPhase;
			buildActionMask = 2147483647;
			files = (
				9C1E939D260F89B7001318A9 /* UserManagerUITests.swift in Sources */,
			);
			runOnlyForDeploymentPostprocessing = 0;
		};
/* End PBXSourcesBuildPhase section */

/* Begin PBXTargetDependency section */
		9C1E938F260F89B7001318A9 /* PBXTargetDependency */ = {
			isa = PBXTargetDependency;
			target = 9C1E9376260F89B5001318A9 /* UserManager */;
			targetProxy = 9C1E938E260F89B7001318A9 /* PBXContainerItemProxy */;
		};
		9C1E939A260F89B7001318A9 /* PBXTargetDependency */ = {
			isa = PBXTargetDependency;
			target = 9C1E9376260F89B5001318A9 /* UserManager */;
			targetProxy = 9C1E9399260F89B7001318A9 /* PBXContainerItemProxy */;
		};
/* End PBXTargetDependency section */

/* Begin PBXVariantGroup section */
		9C1E9380260F89B5001318A9 /* Main.storyboard */ = {
			isa = PBXVariantGroup;
			children = (
				9C1E9381260F89B5001318A9 /* Base */,
			);
			name = Main.storyboard;
			sourceTree = "<group>";
		};
		9C1E9385260F89B7001318A9 /* LaunchScreen.storyboard */ = {
			isa = PBXVariantGroup;
			children = (
				9C1E9386260F89B7001318A9 /* Base */,
			);
			name = LaunchScreen.storyboard;
			sourceTree = "<group>";
		};
/* End PBXVariantGroup section */

/* Begin XCBuildConfiguration section */
		9C1E939F260F89B7001318A9 /* Debug */ = {
			isa = XCBuildConfiguration;
			buildSettings = {
				ALWAYS_SEARCH_USER_PATHS = NO;
				CLANG_ANALYZER_NONNULL = YES;
				CLANG_ANALYZER_NUMBER_OBJECT_CONVERSION = YES_AGGRESSIVE;
				CLANG_CXX_LANGUAGE_STANDARD = "gnu++14";
				CLANG_CXX_LIBRARY = "libc++";
				CLANG_ENABLE_MODULES = YES;
				CLANG_ENABLE_OBJC_ARC = YES;
				CLANG_ENABLE_OBJC_WEAK = YES;
				CLANG_WARN_BLOCK_CAPTURE_AUTORELEASING = YES;
				CLANG_WARN_BOOL_CONVERSION = YES;
				CLANG_WARN_COMMA = YES;
				CLANG_WARN_CONSTANT_CONVERSION = YES;
				CLANG_WARN_DEPRECATED_OBJC_IMPLEMENTATIONS = YES;
				CLANG_WARN_DIRECT_OBJC_ISA_USAGE = YES_ERROR;
				CLANG_WARN_DOCUMENTATION_COMMENTS = YES;
				CLANG_WARN_EMPTY_BODY = YES;
				CLANG_WARN_ENUM_CONVERSION = YES;
				CLANG_WARN_INFINITE_RECURSION = YES;
				CLANG_WARN_INT_CONVERSION = YES;
				CLANG_WARN_NON_LITERAL_NULL_CONVERSION = YES;
				CLANG_WARN_OBJC_IMPLICIT_RETAIN_SELF = YES;
				CLANG_WARN_OBJC_LITERAL_CONVERSION = YES;
				CLANG_WARN_OBJC_ROOT_CLASS = YES_ERROR;
				CLANG_WARN_QUOTED_INCLUDE_IN_FRAMEWORK_HEADER = YES;
				CLANG_WARN_RANGE_LOOP_ANALYSIS = YES;
				CLANG_WARN_STRICT_PROTOTYPES = YES;
				CLANG_WARN_SUSPICIOUS_MOVE = YES;
				CLANG_WARN_UNGUARDED_AVAILABILITY = YES_AGGRESSIVE;
				CLANG_WARN_UNREACHABLE_CODE = YES;
				CLANG_WARN__DUPLICATE_METHOD_MATCH = YES;
				COPY_PHASE_STRIP = NO;
				DEBUG_INFORMATION_FORMAT = dwarf;
				ENABLE_STRICT_OBJC_MSGSEND = YES;
				ENABLE_TESTABILITY = YES;
				GCC_C_LANGUAGE_STANDARD = gnu11;
				GCC_DYNAMIC_NO_PIC = NO;
				GCC_NO_COMMON_BLOCKS = YES;
				GCC_OPTIMIZATION_LEVEL = 0;
				GCC_PREPROCESSOR_DEFINITIONS = (
					"DEBUG=1",
					"$(inherited)",
				);
				GCC_WARN_64_TO_32_BIT_CONVERSION = YES;
				GCC_WARN_ABOUT_RETURN_TYPE = YES_ERROR;
				GCC_WARN_UNDECLARED_SELECTOR = YES;
				GCC_WARN_UNINITIALIZED_AUTOS = YES_AGGRESSIVE;
				GCC_WARN_UNUSED_FUNCTION = YES;
				GCC_WARN_UNUSED_VARIABLE = YES;
				IPHONEOS_DEPLOYMENT_TARGET = 14.4;
				MTL_ENABLE_DEBUG_INFO = INCLUDE_SOURCE;
				MTL_FAST_MATH = YES;
				ONLY_ACTIVE_ARCH = YES;
				SDKROOT = iphoneos;
				SWIFT_ACTIVE_COMPILATION_CONDITIONS = DEBUG;
				SWIFT_OPTIMIZATION_LEVEL = "-Onone";
			};
			name = Debug;
		};
		9C1E93A0260F89B7001318A9 /* Release */ = {
			isa = XCBuildConfiguration;
			buildSettings = {
				ALWAYS_SEARCH_USER_PATHS = NO;
				CLANG_ANALYZER_NONNULL = YES;
				CLANG_ANALYZER_NUMBER_OBJECT_CONVERSION = YES_AGGRESSIVE;
				CLANG_CXX_LANGUAGE_STANDARD = "gnu++14";
				CLANG_CXX_LIBRARY = "libc++";
				CLANG_ENABLE_MODULES = YES;
				CLANG_ENABLE_OBJC_ARC = YES;
				CLANG_ENABLE_OBJC_WEAK = YES;
				CLANG_WARN_BLOCK_CAPTURE_AUTORELEASING = YES;
				CLANG_WARN_BOOL_CONVERSION = YES;
				CLANG_WARN_COMMA = YES;
				CLANG_WARN_CONSTANT_CONVERSION = YES;
				CLANG_WARN_DEPRECATED_OBJC_IMPLEMENTATIONS = YES;
				CLANG_WARN_DIRECT_OBJC_ISA_USAGE = YES_ERROR;
				CLANG_WARN_DOCUMENTATION_COMMENTS = YES;
				CLANG_WARN_EMPTY_BODY = YES;
				CLANG_WARN_ENUM_CONVERSION = YES;
				CLANG_WARN_INFINITE_RECURSION = YES;
				CLANG_WARN_INT_CONVERSION = YES;
				CLANG_WARN_NON_LITERAL_NULL_CONVERSION = YES;
				CLANG_WARN_OBJC_IMPLICIT_RETAIN_SELF = YES;
				CLANG_WARN_OBJC_LITERAL_CONVERSION = YES;
				CLANG_WARN_OBJC_ROOT_CLASS = YES_ERROR;
				CLANG_WARN_QUOTED_INCLUDE_IN_FRAMEWORK_HEADER = YES;
				CLANG_WARN_RANGE_LOOP_ANALYSIS = YES;
				CLANG_WARN_STRICT_PROTOTYPES = YES;
				CLANG_WARN_SUSPICIOUS_MOVE = YES;
				CLANG_WARN_UNGUARDED_AVAILABILITY = YES_AGGRESSIVE;
				CLANG_WARN_UNREACHABLE_CODE = YES;
				CLANG_WARN__DUPLICATE_METHOD_MATCH = YES;
				COPY_PHASE_STRIP = NO;
				DEBUG_INFORMATION_FORMAT = "dwarf-with-dsym";
				ENABLE_NS_ASSERTIONS = NO;
				ENABLE_STRICT_OBJC_MSGSEND = YES;
				GCC_C_LANGUAGE_STANDARD = gnu11;
				GCC_NO_COMMON_BLOCKS = YES;
				GCC_WARN_64_TO_32_BIT_CONVERSION = YES;
				GCC_WARN_ABOUT_RETURN_TYPE = YES_ERROR;
				GCC_WARN_UNDECLARED_SELECTOR = YES;
				GCC_WARN_UNINITIALIZED_AUTOS = YES_AGGRESSIVE;
				GCC_WARN_UNUSED_FUNCTION = YES;
				GCC_WARN_UNUSED_VARIABLE = YES;
				IPHONEOS_DEPLOYMENT_TARGET = 14.4;
				MTL_ENABLE_DEBUG_INFO = NO;
				MTL_FAST_MATH = YES;
				SDKROOT = iphoneos;
				SWIFT_COMPILATION_MODE = wholemodule;
				SWIFT_OPTIMIZATION_LEVEL = "-O";
				VALIDATE_PRODUCT = YES;
			};
			name = Release;
		};
		9C1E93A2260F89B7001318A9 /* Debug */ = {
			isa = XCBuildConfiguration;
			buildSettings = {
				ASSETCATALOG_COMPILER_APPICON_NAME = AppIcon;
				ASSETCATALOG_COMPILER_GLOBAL_ACCENT_COLOR_NAME = AccentColor;
				CODE_SIGN_STYLE = Automatic;
				DEVELOPMENT_TEAM = 6C89N3T7B7;
				INFOPLIST_FILE = UserManager/Info.plist;
				LD_RUNPATH_SEARCH_PATHS = (
					"$(inherited)",
					"@executable_path/Frameworks",
				);
				PRODUCT_BUNDLE_IDENTIFIER = "com.Fifth-LLC.UserManager";
				PRODUCT_NAME = "$(TARGET_NAME)";
				SWIFT_VERSION = 5.0;
				TARGETED_DEVICE_FAMILY = "1,2";
			};
			name = Debug;
		};
		9C1E93A3260F89B7001318A9 /* Release */ = {
			isa = XCBuildConfiguration;
			buildSettings = {
				ASSETCATALOG_COMPILER_APPICON_NAME = AppIcon;
				ASSETCATALOG_COMPILER_GLOBAL_ACCENT_COLOR_NAME = AccentColor;
				CODE_SIGN_STYLE = Automatic;
				DEVELOPMENT_TEAM = 6C89N3T7B7;
				INFOPLIST_FILE = UserManager/Info.plist;
				LD_RUNPATH_SEARCH_PATHS = (
					"$(inherited)",
					"@executable_path/Frameworks",
				);
				PRODUCT_BUNDLE_IDENTIFIER = "com.Fifth-LLC.UserManager";
				PRODUCT_NAME = "$(TARGET_NAME)";
				SWIFT_VERSION = 5.0;
				TARGETED_DEVICE_FAMILY = "1,2";
			};
			name = Release;
		};
		9C1E93A5260F89B7001318A9 /* Debug */ = {
			isa = XCBuildConfiguration;
			buildSettings = {
				ALWAYS_EMBED_SWIFT_STANDARD_LIBRARIES = YES;
				BUNDLE_LOADER = "$(TEST_HOST)";
				CODE_SIGN_STYLE = Automatic;
				DEVELOPMENT_TEAM = 6C89N3T7B7;
				INFOPLIST_FILE = UserManagerTests/Info.plist;
				IPHONEOS_DEPLOYMENT_TARGET = 14.4;
				LD_RUNPATH_SEARCH_PATHS = (
					"$(inherited)",
					"@executable_path/Frameworks",
					"@loader_path/Frameworks",
				);
				PRODUCT_BUNDLE_IDENTIFIER = "com.Fifth-LLC.UserManagerTests";
				PRODUCT_NAME = "$(TARGET_NAME)";
				SWIFT_VERSION = 5.0;
				TARGETED_DEVICE_FAMILY = "1,2";
				TEST_HOST = "$(BUILT_PRODUCTS_DIR)/UserManager.app/UserManager";
			};
			name = Debug;
		};
		9C1E93A6260F89B7001318A9 /* Release */ = {
			isa = XCBuildConfiguration;
			buildSettings = {
				ALWAYS_EMBED_SWIFT_STANDARD_LIBRARIES = YES;
				BUNDLE_LOADER = "$(TEST_HOST)";
				CODE_SIGN_STYLE = Automatic;
				DEVELOPMENT_TEAM = 6C89N3T7B7;
				INFOPLIST_FILE = UserManagerTests/Info.plist;
				IPHONEOS_DEPLOYMENT_TARGET = 14.4;
				LD_RUNPATH_SEARCH_PATHS = (
					"$(inherited)",
					"@executable_path/Frameworks",
					"@loader_path/Frameworks",
				);
				PRODUCT_BUNDLE_IDENTIFIER = "com.Fifth-LLC.UserManagerTests";
				PRODUCT_NAME = "$(TARGET_NAME)";
				SWIFT_VERSION = 5.0;
				TARGETED_DEVICE_FAMILY = "1,2";
				TEST_HOST = "$(BUILT_PRODUCTS_DIR)/UserManager.app/UserManager";
			};
			name = Release;
		};
		9C1E93A8260F89B7001318A9 /* Debug */ = {
			isa = XCBuildConfiguration;
			buildSettings = {
				ALWAYS_EMBED_SWIFT_STANDARD_LIBRARIES = YES;
				CODE_SIGN_STYLE = Automatic;
				DEVELOPMENT_TEAM = 6C89N3T7B7;
				INFOPLIST_FILE = UserManagerUITests/Info.plist;
				LD_RUNPATH_SEARCH_PATHS = (
					"$(inherited)",
					"@executable_path/Frameworks",
					"@loader_path/Frameworks",
				);
				PRODUCT_BUNDLE_IDENTIFIER = "com.Fifth-LLC.UserManagerUITests";
				PRODUCT_NAME = "$(TARGET_NAME)";
				SWIFT_VERSION = 5.0;
				TARGETED_DEVICE_FAMILY = "1,2";
				TEST_TARGET_NAME = UserManager;
			};
			name = Debug;
		};
		9C1E93A9260F89B7001318A9 /* Release */ = {
			isa = XCBuildConfiguration;
			buildSettings = {
				ALWAYS_EMBED_SWIFT_STANDARD_LIBRARIES = YES;
				CODE_SIGN_STYLE = Automatic;
				DEVELOPMENT_TEAM = 6C89N3T7B7;
				INFOPLIST_FILE = UserManagerUITests/Info.plist;
				LD_RUNPATH_SEARCH_PATHS = (
					"$(inherited)",
					"@executable_path/Frameworks",
					"@loader_path/Frameworks",
				);
				PRODUCT_BUNDLE_IDENTIFIER = "com.Fifth-LLC.UserManagerUITests";
				PRODUCT_NAME = "$(TARGET_NAME)";
				SWIFT_VERSION = 5.0;
				TARGETED_DEVICE_FAMILY = "1,2";
				TEST_TARGET_NAME = UserManager;
			};
			name = Release;
		};
/* End XCBuildConfiguration section */

/* Begin XCConfigurationList section */
		9C1E9372260F89B5001318A9 /* Build configuration list for PBXProject "UserManager" */ = {
			isa = XCConfigurationList;
			buildConfigurations = (
				9C1E939F260F89B7001318A9 /* Debug */,
				9C1E93A0260F89B7001318A9 /* Release */,
			);
			defaultConfigurationIsVisible = 0;
			defaultConfigurationName = Release;
		};
		9C1E93A1260F89B7001318A9 /* Build configuration list for PBXNativeTarget "UserManager" */ = {
			isa = XCConfigurationList;
			buildConfigurations = (
				9C1E93A2260F89B7001318A9 /* Debug */,
				9C1E93A3260F89B7001318A9 /* Release */,
			);
			defaultConfigurationIsVisible = 0;
			defaultConfigurationName = Release;
		};
		9C1E93A4260F89B7001318A9 /* Build configuration list for PBXNativeTarget "UserManagerTests" */ = {
			isa = XCConfigurationList;
			buildConfigurations = (
				9C1E93A5260F89B7001318A9 /* Debug */,
				9C1E93A6260F89B7001318A9 /* Release */,
			);
			defaultConfigurationIsVisible = 0;
			defaultConfigurationName = Release;
		};
		9C1E93A7260F89B7001318A9 /* Build configuration list for PBXNativeTarget "UserManagerUITests" */ = {
			isa = XCConfigurationList;
			buildConfigurations = (
				9C1E93A8260F89B7001318A9 /* Debug */,
				9C1E93A9260F89B7001318A9 /* Release */,
			);
			defaultConfigurationIsVisible = 0;
			defaultConfigurationName = Release;
		};
/* End XCConfigurationList section */
	};
	rootObject = 9C1E936F260F89B5001318A9 /* Project object */;
}
