// !$*UTF8*$!
{
	archiveVersion = 1;
	classes = {
	};
	objectVersion = 51;
	objects = {

/* Begin PBXBuildFile section */
		6B10C40E1BE89DA72312869D /* Pods_UserManager_UserManagerUITests.framework in Frameworks */ = {isa = PBXBuildFile; fileRef = 8A89858C56F5B7F072F569E8 /* Pods_UserManager_UserManagerUITests.framework */; };
		9C1E937B260F89B5001318A9 /* AppDelegate.swift in Sources */ = {isa = PBXBuildFile; fileRef = 9C1E937A260F89B5001318A9 /* AppDelegate.swift */; };
		9C1E937D260F89B5001318A9 /* SceneDelegate.swift in Sources */ = {isa = PBXBuildFile; fileRef = 9C1E937C260F89B5001318A9 /* SceneDelegate.swift */; };
		9C1E9382260F89B5001318A9 /* Main.storyboard in Resources */ = {isa = PBXBuildFile; fileRef = 9C1E9380260F89B5001318A9 /* Main.storyboard */; };
		9C1E9384260F89B7001318A9 /* Assets.xcassets in Resources */ = {isa = PBXBuildFile; fileRef = 9C1E9383260F89B7001318A9 /* Assets.xcassets */; };
		9C1E9387260F89B7001318A9 /* LaunchScreen.storyboard in Resources */ = {isa = PBXBuildFile; fileRef = 9C1E9385260F89B7001318A9 /* LaunchScreen.storyboard */; };
		9C1E9392260F89B7001318A9 /* UserManagerTests.swift in Sources */ = {isa = PBXBuildFile; fileRef = 9C1E9391260F89B7001318A9 /* UserManagerTests.swift */; };
		9C1E939D260F89B7001318A9 /* UserManagerUITests.swift in Sources */ = {isa = PBXBuildFile; fileRef = 9C1E939C260F89B7001318A9 /* UserManagerUITests.swift */; };
		9CDCFC41260FBEDA0006B2E7 /* User.swift in Sources */ = {isa = PBXBuildFile; fileRef = 9CDCFC40260FBEDA0006B2E7 /* User.swift */; };
		9CDCFC46260FC50D0006B2E7 /* RequestResponse.swift in Sources */ = {isa = PBXBuildFile; fileRef = 9CDCFC45260FC50D0006B2E7 /* RequestResponse.swift */; };
		9CDCFC4E260FC7500006B2E7 /* UsersListViewController.swift in Sources */ = {isa = PBXBuildFile; fileRef = 9CDCFC4D260FC7500006B2E7 /* UsersListViewController.swift */; };
		9CDCFC58260FCA4E0006B2E7 /* UserDetailsViewController.swift in Sources */ = {isa = PBXBuildFile; fileRef = 9CDCFC56260FCA4E0006B2E7 /* UserDetailsViewController.swift */; };
		9CDCFC59260FCA4E0006B2E7 /* UserDetailsViewController.xib in Resources */ = {isa = PBXBuildFile; fileRef = 9CDCFC57260FCA4E0006B2E7 /* UserDetailsViewController.xib */; };
		9CDCFC62260FCABD0006B2E7 /* HTTPClient.swift in Sources */ = {isa = PBXBuildFile; fileRef = 9CDCFC61260FCABD0006B2E7 /* HTTPClient.swift */; };
		9CDCFC67260FCB160006B2E7 /* UIViewController+PushPop.swift in Sources */ = {isa = PBXBuildFile; fileRef = 9CDCFC66260FCB160006B2E7 /* UIViewController+PushPop.swift */; };
		9CDCFC6C260FCBC60006B2E7 /* UserModel.swift in Sources */ = {isa = PBXBuildFile; fileRef = 9CDCFC6B260FCBC60006B2E7 /* UserModel.swift */; };
		9CDCFC74260FCD2F0006B2E7 /* UserListViewModel.swift in Sources */ = {isa = PBXBuildFile; fileRef = 9CDCFC73260FCD2F0006B2E7 /* UserListViewModel.swift */; };
		9CDCFC81260FCFF10006B2E7 /* Bundle+InfoPlistKeys.swift in Sources */ = {isa = PBXBuildFile; fileRef = 9CDCFC80260FCFF10006B2E7 /* Bundle+InfoPlistKeys.swift */; };
		9CDCFC8A260FD0480006B2E7 /* NameDescribable.swift in Sources */ = {isa = PBXBuildFile; fileRef = 9CDCFC89260FD0480006B2E7 /* NameDescribable.swift */; };
		9CDCFC90260FD5FD0006B2E7 /* UserTableViewCell.swift in Sources */ = {isa = PBXBuildFile; fileRef = 9CDCFC8F260FD5FD0006B2E7 /* UserTableViewCell.swift */; };
		9CDCFC98261085CD0006B2E7 /* UserDetailsViewModel.swift in Sources */ = {isa = PBXBuildFile; fileRef = 9CDCFC97261085CD0006B2E7 /* UserDetailsViewModel.swift */; };
		9CDCFCA12610A5000006B2E7 /* UIView+Layer.swift in Sources */ = {isa = PBXBuildFile; fileRef = 9CDCFCA02610A5000006B2E7 /* UIView+Layer.swift */; };
		9CDCFCB92610ADF10006B2E7 /* String+URL.swift in Sources */ = {isa = PBXBuildFile; fileRef = 9CDCFCB82610ADF10006B2E7 /* String+URL.swift */; };
		9CDCFCC12610C5BD0006B2E7 /* RealmUserModel.swift in Sources */ = {isa = PBXBuildFile; fileRef = 9CDCFCC02610C5BC0006B2E7 /* RealmUserModel.swift */; };
		9CDCFCC72610C65B0006B2E7 /* RealmManager.swift in Sources */ = {isa = PBXBuildFile; fileRef = 9CDCFCC62610C65B0006B2E7 /* RealmManager.swift */; };
		9CDCFCDD2610D74D0006B2E7 /* AppSettings.swift in Sources */ = {isa = PBXBuildFile; fileRef = 9CDCFCDC2610D74D0006B2E7 /* AppSettings.swift */; };
		9CDCFCED261394260006B2E7 /* LoadingCell.swift in Sources */ = {isa = PBXBuildFile; fileRef = 9CDCFCEB261394260006B2E7 /* LoadingCell.swift */; };
		9CDCFCEE261394260006B2E7 /* LoadingCell.xib in Resources */ = {isa = PBXBuildFile; fileRef = 9CDCFCEC261394260006B2E7 /* LoadingCell.xib */; };
		AE835E4945D51CBD4AB92B51 /* Pods_UserManagerTests.framework in Frameworks */ = {isa = PBXBuildFile; fileRef = E1AFF20768D8531C8B2DD5ED /* Pods_UserManagerTests.framework */; };
		D3E0B8E6B59AC16C8FD1A35F /* Pods_UserManager.framework in Frameworks */ = {isa = PBXBuildFile; fileRef = B3C9E49357266CC775EA192C /* Pods_UserManager.framework */; };
/* End PBXBuildFile section */

/* Begin PBXContainerItemProxy section */
		9C1E938E260F89B7001318A9 /* PBXContainerItemProxy */ = {
			isa = PBXContainerItemProxy;
			containerPortal = 9C1E936F260F89B5001318A9 /* Project object */;
			proxyType = 1;
			remoteGlobalIDString = 9C1E9376260F89B5001318A9;
			remoteInfo = UserManager;
		};
		9C1E9399260F89B7001318A9 /* PBXContainerItemProxy */ = {
			isa = PBXContainerItemProxy;
			containerPortal = 9C1E936F260F89B5001318A9 /* Project object */;
			proxyType = 1;
			remoteGlobalIDString = 9C1E9376260F89B5001318A9;
			remoteInfo = UserManager;
		};
/* End PBXContainerItemProxy section */

/* Begin PBXFileReference section */
		0AF55F927FF6A352CC8F7846 /* Pods-UserManager-UserManagerUITests.debug.xcconfig */ = {isa = PBXFileReference; includeInIndex = 1; lastKnownFileType = text.xcconfig; name = "Pods-UserManager-UserManagerUITests.debug.xcconfig"; path = "Target Support Files/Pods-UserManager-UserManagerUITests/Pods-UserManager-UserManagerUITests.debug.xcconfig"; sourceTree = "<group>"; };
		19AD6A021F940834316CF958 /* Pods-UserManagerTests.debug.xcconfig */ = {isa = PBXFileReference; includeInIndex = 1; lastKnownFileType = text.xcconfig; name = "Pods-UserManagerTests.debug.xcconfig"; path = "Target Support Files/Pods-UserManagerTests/Pods-UserManagerTests.debug.xcconfig"; sourceTree = "<group>"; };
		24A9B8415E5EB46120DE417F /* Pods-UserManagerTests.release.xcconfig */ = {isa = PBXFileReference; includeInIndex = 1; lastKnownFileType = text.xcconfig; name = "Pods-UserManagerTests.release.xcconfig"; path = "Target Support Files/Pods-UserManagerTests/Pods-UserManagerTests.release.xcconfig"; sourceTree = "<group>"; };
		330BDC05C98DE7A1EE736C35 /* Pods-UserManager.debug.xcconfig */ = {isa = PBXFileReference; includeInIndex = 1; lastKnownFileType = text.xcconfig; name = "Pods-UserManager.debug.xcconfig"; path = "Target Support Files/Pods-UserManager/Pods-UserManager.debug.xcconfig"; sourceTree = "<group>"; };
		8A89858C56F5B7F072F569E8 /* Pods_UserManager_UserManagerUITests.framework */ = {isa = PBXFileReference; explicitFileType = wrapper.framework; includeInIndex = 0; path = Pods_UserManager_UserManagerUITests.framework; sourceTree = BUILT_PRODUCTS_DIR; };
		9C1E9377260F89B5001318A9 /* UserManager.app */ = {isa = PBXFileReference; explicitFileType = wrapper.application; includeInIndex = 0; path = UserManager.app; sourceTree = BUILT_PRODUCTS_DIR; };
		9C1E937A260F89B5001318A9 /* AppDelegate.swift */ = {isa = PBXFileReference; lastKnownFileType = sourcecode.swift; path = AppDelegate.swift; sourceTree = "<group>"; };
		9C1E937C260F89B5001318A9 /* SceneDelegate.swift */ = {isa = PBXFileReference; lastKnownFileType = sourcecode.swift; path = SceneDelegate.swift; sourceTree = "<group>"; };
		9C1E9381260F89B5001318A9 /* Base */ = {isa = PBXFileReference; lastKnownFileType = file.storyboard; name = Base; path = Base.lproj/Main.storyboard; sourceTree = "<group>"; };
		9C1E9383260F89B7001318A9 /* Assets.xcassets */ = {isa = PBXFileReference; lastKnownFileType = folder.assetcatalog; path = Assets.xcassets; sourceTree = "<group>"; };
		9C1E9386260F89B7001318A9 /* Base */ = {isa = PBXFileReference; lastKnownFileType = file.storyboard; name = Base; path = Base.lproj/LaunchScreen.storyboard; sourceTree = "<group>"; };
		9C1E9388260F89B7001318A9 /* Info.plist */ = {isa = PBXFileReference; lastKnownFileType = text.plist.xml; path = Info.plist; sourceTree = "<group>"; };
		9C1E938D260F89B7001318A9 /* UserManagerTests.xctest */ = {isa = PBXFileReference; explicitFileType = wrapper.cfbundle; includeInIndex = 0; path = UserManagerTests.xctest; sourceTree = BUILT_PRODUCTS_DIR; };
		9C1E9391260F89B7001318A9 /* UserManagerTests.swift */ = {isa = PBXFileReference; lastKnownFileType = sourcecode.swift; path = UserManagerTests.swift; sourceTree = "<group>"; };
		9C1E9393260F89B7001318A9 /* Info.plist */ = {isa = PBXFileReference; lastKnownFileType = text.plist.xml; path = Info.plist; sourceTree = "<group>"; };
		9C1E9398260F89B7001318A9 /* UserManagerUITests.xctest */ = {isa = PBXFileReference; explicitFileType = wrapper.cfbundle; includeInIndex = 0; path = UserManagerUITests.xctest; sourceTree = BUILT_PRODUCTS_DIR; };
		9C1E939C260F89B7001318A9 /* UserManagerUITests.swift */ = {isa = PBXFileReference; lastKnownFileType = sourcecode.swift; path = UserManagerUITests.swift; sourceTree = "<group>"; };
		9C1E939E260F89B7001318A9 /* Info.plist */ = {isa = PBXFileReference; lastKnownFileType = text.plist.xml; path = Info.plist; sourceTree = "<group>"; };
		9C634B648F152F16B46B9369 /* Pods-UserManager-UserManagerUITests.release.xcconfig */ = {isa = PBXFileReference; includeInIndex = 1; lastKnownFileType = text.xcconfig; name = "Pods-UserManager-UserManagerUITests.release.xcconfig"; path = "Target Support Files/Pods-UserManager-UserManagerUITests/Pods-UserManager-UserManagerUITests.release.xcconfig"; sourceTree = "<group>"; };
		9CDCFC40260FBEDA0006B2E7 /* User.swift */ = {isa = PBXFileReference; lastKnownFileType = sourcecode.swift; path = User.swift; sourceTree = "<group>"; };
		9CDCFC45260FC50D0006B2E7 /* RequestResponse.swift */ = {isa = PBXFileReference; lastKnownFileType = sourcecode.swift; path = RequestResponse.swift; sourceTree = "<group>"; };
		9CDCFC4D260FC7500006B2E7 /* UsersListViewController.swift */ = {isa = PBXFileReference; lastKnownFileType = sourcecode.swift; path = UsersListViewController.swift; sourceTree = "<group>"; };
		9CDCFC56260FCA4E0006B2E7 /* UserDetailsViewController.swift */ = {isa = PBXFileReference; lastKnownFileType = sourcecode.swift; path = UserDetailsViewController.swift; sourceTree = "<group>"; };
		9CDCFC57260FCA4E0006B2E7 /* UserDetailsViewController.xib */ = {isa = PBXFileReference; lastKnownFileType = file.xib; path = UserDetailsViewController.xib; sourceTree = "<group>"; };
		9CDCFC61260FCABD0006B2E7 /* HTTPClient.swift */ = {isa = PBXFileReference; lastKnownFileType = sourcecode.swift; path = HTTPClient.swift; sourceTree = "<group>"; };
		9CDCFC66260FCB160006B2E7 /* UIViewController+PushPop.swift */ = {isa = PBXFileReference; lastKnownFileType = sourcecode.swift; path = "UIViewController+PushPop.swift"; sourceTree = "<group>"; };
		9CDCFC6B260FCBC60006B2E7 /* UserModel.swift */ = {isa = PBXFileReference; lastKnownFileType = sourcecode.swift; path = UserModel.swift; sourceTree = "<group>"; };
		9CDCFC73260FCD2F0006B2E7 /* UserListViewModel.swift */ = {isa = PBXFileReference; lastKnownFileType = sourcecode.swift; path = UserListViewModel.swift; sourceTree = "<group>"; };
		9CDCFC80260FCFF10006B2E7 /* Bundle+InfoPlistKeys.swift */ = {isa = PBXFileReference; lastKnownFileType = sourcecode.swift; path = "Bundle+InfoPlistKeys.swift"; sourceTree = "<group>"; };
		9CDCFC89260FD0480006B2E7 /* NameDescribable.swift */ = {isa = PBXFileReference; lastKnownFileType = sourcecode.swift; path = NameDescribable.swift; sourceTree = "<group>"; };
		9CDCFC8F260FD5FD0006B2E7 /* UserTableViewCell.swift */ = {isa = PBXFileReference; lastKnownFileType = sourcecode.swift; path = UserTableViewCell.swift; sourceTree = "<group>"; };
		9CDCFC97261085CD0006B2E7 /* UserDetailsViewModel.swift */ = {isa = PBXFileReference; lastKnownFileType = sourcecode.swift; path = UserDetailsViewModel.swift; sourceTree = "<group>"; };
		9CDCFCA02610A5000006B2E7 /* UIView+Layer.swift */ = {isa = PBXFileReference; lastKnownFileType = sourcecode.swift; path = "UIView+Layer.swift"; sourceTree = "<group>"; };
		9CDCFCB82610ADF10006B2E7 /* String+URL.swift */ = {isa = PBXFileReference; lastKnownFileType = sourcecode.swift; path = "String+URL.swift"; sourceTree = "<group>"; };
		9CDCFCC02610C5BC0006B2E7 /* RealmUserModel.swift */ = {isa = PBXFileReference; lastKnownFileType = sourcecode.swift; path = RealmUserModel.swift; sourceTree = "<group>"; };
		9CDCFCC62610C65B0006B2E7 /* RealmManager.swift */ = {isa = PBXFileReference; lastKnownFileType = sourcecode.swift; path = RealmManager.swift; sourceTree = "<group>"; };
		9CDCFCDC2610D74D0006B2E7 /* AppSettings.swift */ = {isa = PBXFileReference; lastKnownFileType = sourcecode.swift; path = AppSettings.swift; sourceTree = "<group>"; };
		9CDCFCEB261394260006B2E7 /* LoadingCell.swift */ = {isa = PBXFileReference; lastKnownFileType = sourcecode.swift; path = LoadingCell.swift; sourceTree = "<group>"; };
		9CDCFCEC261394260006B2E7 /* LoadingCell.xib */ = {isa = PBXFileReference; lastKnownFileType = file.xib; path = LoadingCell.xib; sourceTree = "<group>"; };
		B3C9E49357266CC775EA192C /* Pods_UserManager.framework */ = {isa = PBXFileReference; explicitFileType = wrapper.framework; includeInIndex = 0; path = Pods_UserManager.framework; sourceTree = BUILT_PRODUCTS_DIR; };
		D5B43E2F312968A21A35BFE2 /* Pods-UserManager.release.xcconfig */ = {isa = PBXFileReference; includeInIndex = 1; lastKnownFileType = text.xcconfig; name = "Pods-UserManager.release.xcconfig"; path = "Target Support Files/Pods-UserManager/Pods-UserManager.release.xcconfig"; sourceTree = "<group>"; };
		E1AFF20768D8531C8B2DD5ED /* Pods_UserManagerTests.framework */ = {isa = PBXFileReference; explicitFileType = wrapper.framework; includeInIndex = 0; path = Pods_UserManagerTests.framework; sourceTree = BUILT_PRODUCTS_DIR; };
/* End PBXFileReference section */

/* Begin PBXFrameworksBuildPhase section */
		9C1E9374260F89B5001318A9 /* Frameworks */ = {
			isa = PBXFrameworksBuildPhase;
			buildActionMask = 2147483647;
			files = (
				D3E0B8E6B59AC16C8FD1A35F /* Pods_UserManager.framework in Frameworks */,
			);
			runOnlyForDeploymentPostprocessing = 0;
		};
		9C1E938A260F89B7001318A9 /* Frameworks */ = {
			isa = PBXFrameworksBuildPhase;
			buildActionMask = 2147483647;
			files = (
				AE835E4945D51CBD4AB92B51 /* Pods_UserManagerTests.framework in Frameworks */,
			);
			runOnlyForDeploymentPostprocessing = 0;
		};
		9C1E9395260F89B7001318A9 /* Frameworks */ = {
			isa = PBXFrameworksBuildPhase;
			buildActionMask = 2147483647;
			files = (
				6B10C40E1BE89DA72312869D /* Pods_UserManager_UserManagerUITests.framework in Frameworks */,
			);
			runOnlyForDeploymentPostprocessing = 0;
		};
/* End PBXFrameworksBuildPhase section */

/* Begin PBXGroup section */
		37D658B1710F3EAB20E7BFF0 /* Pods */ = {
			isa = PBXGroup;
			children = (
				330BDC05C98DE7A1EE736C35 /* Pods-UserManager.debug.xcconfig */,
				D5B43E2F312968A21A35BFE2 /* Pods-UserManager.release.xcconfig */,
				0AF55F927FF6A352CC8F7846 /* Pods-UserManager-UserManagerUITests.debug.xcconfig */,
				9C634B648F152F16B46B9369 /* Pods-UserManager-UserManagerUITests.release.xcconfig */,
				19AD6A021F940834316CF958 /* Pods-UserManagerTests.debug.xcconfig */,
				24A9B8415E5EB46120DE417F /* Pods-UserManagerTests.release.xcconfig */,
			);
			path = Pods;
			sourceTree = "<group>";
		};
		9C1E936E260F89B5001318A9 = {
			isa = PBXGroup;
			children = (
				9C1E9379260F89B5001318A9 /* UserManager */,
				9C1E9390260F89B7001318A9 /* UserManagerTests */,
				9C1E939B260F89B7001318A9 /* UserManagerUITests */,
				9C1E9378260F89B5001318A9 /* Products */,
				37D658B1710F3EAB20E7BFF0 /* Pods */,
				A4F3367922AC64052861975E /* Frameworks */,
			);
			sourceTree = "<group>";
		};
		9C1E9378260F89B5001318A9 /* Products */ = {
			isa = PBXGroup;
			children = (
				9C1E9377260F89B5001318A9 /* UserManager.app */,
				9C1E938D260F89B7001318A9 /* UserManagerTests.xctest */,
				9C1E9398260F89B7001318A9 /* UserManagerUITests.xctest */,
			);
			name = Products;
			sourceTree = "<group>";
		};
		9C1E9379260F89B5001318A9 /* UserManager */ = {
			isa = PBXGroup;
			children = (
				9CDCFC60260FCA920006B2E7 /* Services */,
				9CDCFC3F260FB1FE0006B2E7 /* DataBase */,
				9CDCFC3D260FB1CD0006B2E7 /* Models */,
				9CDCFC3C260FB1C70006B2E7 /* ViewModels */,
				9CDCFC8E260FD57D0006B2E7 /* TableViewCells */,
				9CDCFC3B260FB1AA0006B2E7 /* ViewControllers */,
				9CDCFC88260FD03A0006B2E7 /* Helpers */,
				9CDCFC3E260FB1E10006B2E7 /* Extensions */,
				9CDCFC3A260FB1940006B2E7 /* Supporting */,
				9CDCFC39260FB1540006B2E7 /* Storyboards */,
				9CDCFC32260FB1050006B2E7 /* Resources */,
			);
			path = UserManager;
			sourceTree = "<group>";
		};
		9C1E9390260F89B7001318A9 /* UserManagerTests */ = {
			isa = PBXGroup;
			children = (
				9C1E9391260F89B7001318A9 /* UserManagerTests.swift */,
				9C1E9393260F89B7001318A9 /* Info.plist */,
			);
			path = UserManagerTests;
			sourceTree = "<group>";
		};
		9C1E939B260F89B7001318A9 /* UserManagerUITests */ = {
			isa = PBXGroup;
			children = (
				9C1E939C260F89B7001318A9 /* UserManagerUITests.swift */,
				9C1E939E260F89B7001318A9 /* Info.plist */,
			);
			path = UserManagerUITests;
			sourceTree = "<group>";
		};
		9CDCFC32260FB1050006B2E7 /* Resources */ = {
			isa = PBXGroup;
			children = (
				9C1E937A260F89B5001318A9 /* AppDelegate.swift */,
				9C1E937C260F89B5001318A9 /* SceneDelegate.swift */,
				9C1E9383260F89B7001318A9 /* Assets.xcassets */,
				9C1E9388260F89B7001318A9 /* Info.plist */,
			);
			path = Resources;
			sourceTree = "<group>";
		};
		9CDCFC39260FB1540006B2E7 /* Storyboards */ = {
			isa = PBXGroup;
			children = (
				9C1E9380260F89B5001318A9 /* Main.storyboard */,
				9C1E9385260F89B7001318A9 /* LaunchScreen.storyboard */,
			);
			path = Storyboards;
			sourceTree = "<group>";
		};
		9CDCFC3A260FB1940006B2E7 /* Supporting */ = {
			isa = PBXGroup;
			children = (
				9CDCFCDC2610D74D0006B2E7 /* AppSettings.swift */,
			);
			path = Supporting;
			sourceTree = "<group>";
		};
		9CDCFC3B260FB1AA0006B2E7 /* ViewControllers */ = {
			isa = PBXGroup;
			children = (
				9CDCFC4D260FC7500006B2E7 /* UsersListViewController.swift */,
				9CDCFC55260FCA330006B2E7 /* UserDetails */,
			);
			path = ViewControllers;
			sourceTree = "<group>";
		};
		9CDCFC3C260FB1C70006B2E7 /* ViewModels */ = {
			isa = PBXGroup;
			children = (
				9CDCFC73260FCD2F0006B2E7 /* UserListViewModel.swift */,
				9CDCFC97261085CD0006B2E7 /* UserDetailsViewModel.swift */,
			);
			path = ViewModels;
			sourceTree = "<group>";
		};
		9CDCFC3D260FB1CD0006B2E7 /* Models */ = {
			isa = PBXGroup;
			children = (
				9CDCFC45260FC50D0006B2E7 /* RequestResponse.swift */,
				9CDCFC40260FBEDA0006B2E7 /* User.swift */,
				9CDCFC6B260FCBC60006B2E7 /* UserModel.swift */,
			);
			path = Models;
			sourceTree = "<group>";
		};
		9CDCFC3E260FB1E10006B2E7 /* Extensions */ = {
			isa = PBXGroup;
			children = (
				9CDCFC80260FCFF10006B2E7 /* Bundle+InfoPlistKeys.swift */,
				9CDCFCB82610ADF10006B2E7 /* String+URL.swift */,
				9CDCFC66260FCB160006B2E7 /* UIViewController+PushPop.swift */,
				9CDCFCA02610A5000006B2E7 /* UIView+Layer.swift */,
			);
			path = Extensions;
			sourceTree = "<group>";
		};
		9CDCFC3F260FB1FE0006B2E7 /* DataBase */ = {
			isa = PBXGroup;
			children = (
				9CDCFCCB2610C6770006B2E7 /* RealmModels */,
				9CDCFCC52610C64B0006B2E7 /* RealmManager */,
			);
			path = DataBase;
			sourceTree = "<group>";
		};
		9CDCFC55260FCA330006B2E7 /* UserDetails */ = {
			isa = PBXGroup;
			children = (
				9CDCFC56260FCA4E0006B2E7 /* UserDetailsViewController.swift */,
				9CDCFC57260FCA4E0006B2E7 /* UserDetailsViewController.xib */,
			);
			path = UserDetails;
			sourceTree = "<group>";
		};
		9CDCFC60260FCA920006B2E7 /* Services */ = {
			isa = PBXGroup;
			children = (
				9CDCFC61260FCABD0006B2E7 /* HTTPClient.swift */,
			);
			path = Services;
			sourceTree = "<group>";
		};
		9CDCFC88260FD03A0006B2E7 /* Helpers */ = {
			isa = PBXGroup;
			children = (
				9CDCFC89260FD0480006B2E7 /* NameDescribable.swift */,
			);
			path = Helpers;
			sourceTree = "<group>";
		};
		9CDCFC8E260FD57D0006B2E7 /* TableViewCells */ = {
			isa = PBXGroup;
			children = (
				9CDCFCEA261393E00006B2E7 /* Loading */,
				9CDCFC8F260FD5FD0006B2E7 /* UserTableViewCell.swift */,
			);
			path = TableViewCells;
			sourceTree = "<group>";
		};
		9CDCFCC52610C64B0006B2E7 /* RealmManager */ = {
			isa = PBXGroup;
			children = (
				9CDCFCC62610C65B0006B2E7 /* RealmManager.swift */,
			);
			path = RealmManager;
			sourceTree = "<group>";
		};
		9CDCFCCB2610C6770006B2E7 /* RealmModels */ = {
			isa = PBXGroup;
			children = (
				9CDCFCC02610C5BC0006B2E7 /* RealmUserModel.swift */,
			);
			path = RealmModels;
			sourceTree = "<group>";
		};
		9CDCFCEA261393E00006B2E7 /* Loading */ = {
			isa = PBXGroup;
			children = (
				9CDCFCEB261394260006B2E7 /* LoadingCell.swift */,
				9CDCFCEC261394260006B2E7 /* LoadingCell.xib */,
			);
			path = Loading;
			sourceTree = "<group>";
		};
		A4F3367922AC64052861975E /* Frameworks */ = {
			isa = PBXGroup;
			children = (
				B3C9E49357266CC775EA192C /* Pods_UserManager.framework */,
				8A89858C56F5B7F072F569E8 /* Pods_UserManager_UserManagerUITests.framework */,
				E1AFF20768D8531C8B2DD5ED /* Pods_UserManagerTests.framework */,
			);
			name = Frameworks;
			sourceTree = "<group>";
		};
/* End PBXGroup section */

/* Begin PBXNativeTarget section */
		9C1E9376260F89B5001318A9 /* UserManager */ = {
			isa = PBXNativeTarget;
			buildConfigurationList = 9C1E93A1260F89B7001318A9 /* Build configuration list for PBXNativeTarget "UserManager" */;
			buildPhases = (
				43633D0E9A758D3C56DB1CBF /* [CP] Check Pods Manifest.lock */,
				9C1E9373260F89B5001318A9 /* Sources */,
				9C1E9374260F89B5001318A9 /* Frameworks */,
				9C1E9375260F89B5001318A9 /* Resources */,
				65A7CC623E9EAB78E1D8DB6F /* [CP] Embed Pods Frameworks */,
			);
			buildRules = (
			);
			dependencies = (
			);
			name = UserManager;
			productName = UserManager;
			productReference = 9C1E9377260F89B5001318A9 /* UserManager.app */;
			productType = "com.apple.product-type.application";
		};
		9C1E938C260F89B7001318A9 /* UserManagerTests */ = {
			isa = PBXNativeTarget;
			buildConfigurationList = 9C1E93A4260F89B7001318A9 /* Build configuration list for PBXNativeTarget "UserManagerTests" */;
			buildPhases = (
				644277417E31B53807126A3E /* [CP] Check Pods Manifest.lock */,
				9C1E9389260F89B7001318A9 /* Sources */,
				9C1E938A260F89B7001318A9 /* Frameworks */,
				9C1E938B260F89B7001318A9 /* Resources */,
			);
			buildRules = (
			);
			dependencies = (
				9C1E938F260F89B7001318A9 /* PBXTargetDependency */,
			);
			name = UserManagerTests;
			productName = UserManagerTests;
			productReference = 9C1E938D260F89B7001318A9 /* UserManagerTests.xctest */;
			productType = "com.apple.product-type.bundle.unit-test";
		};
		9C1E9397260F89B7001318A9 /* UserManagerUITests */ = {
			isa = PBXNativeTarget;
			buildConfigurationList = 9C1E93A7260F89B7001318A9 /* Build configuration list for PBXNativeTarget "UserManagerUITests" */;
			buildPhases = (
				91753C2668C45F1AC4C1FCA2 /* [CP] Check Pods Manifest.lock */,
				9C1E9394260F89B7001318A9 /* Sources */,
				9C1E9395260F89B7001318A9 /* Frameworks */,
				9C1E9396260F89B7001318A9 /* Resources */,
				52A7E51E9E38F5CABB8457FF /* [CP] Embed Pods Frameworks */,
			);
			buildRules = (
			);
			dependencies = (
				9C1E939A260F89B7001318A9 /* PBXTargetDependency */,
			);
			name = UserManagerUITests;
			productName = UserManagerUITests;
			productReference = 9C1E9398260F89B7001318A9 /* UserManagerUITests.xctest */;
			productType = "com.apple.product-type.bundle.ui-testing";
		};
/* End PBXNativeTarget section */

/* Begin PBXProject section */
		9C1E936F260F89B5001318A9 /* Project object */ = {
			isa = PBXProject;
			attributes = {
				LastSwiftUpdateCheck = 1240;
				LastUpgradeCheck = 1240;
				TargetAttributes = {
					9C1E9376260F89B5001318A9 = {
						CreatedOnToolsVersion = 12.4;
					};
					9C1E938C260F89B7001318A9 = {
						CreatedOnToolsVersion = 12.4;
						TestTargetID = 9C1E9376260F89B5001318A9;
					};
					9C1E9397260F89B7001318A9 = {
						CreatedOnToolsVersion = 12.4;
						TestTargetID = 9C1E9376260F89B5001318A9;
					};
				};
			};
			buildConfigurationList = 9C1E9372260F89B5001318A9 /* Build configuration list for PBXProject "UserManager" */;
			compatibilityVersion = "Xcode 9.3";
			developmentRegion = en;
			hasScannedForEncodings = 0;
			knownRegions = (
				en,
				Base,
			);
			mainGroup = 9C1E936E260F89B5001318A9;
			productRefGroup = 9C1E9378260F89B5001318A9 /* Products */;
			projectDirPath = "";
			projectRoot = "";
			targets = (
				9C1E9376260F89B5001318A9 /* UserManager */,
				9C1E938C260F89B7001318A9 /* UserManagerTests */,
				9C1E9397260F89B7001318A9 /* UserManagerUITests */,
			);
		};
/* End PBXProject section */

/* Begin PBXResourcesBuildPhase section */
		9C1E9375260F89B5001318A9 /* Resources */ = {
			isa = PBXResourcesBuildPhase;
			buildActionMask = 2147483647;
			files = (
				9C1E9387260F89B7001318A9 /* LaunchScreen.storyboard in Resources */,
				9CDCFC59260FCA4E0006B2E7 /* UserDetailsViewController.xib in Resources */,
				9C1E9384260F89B7001318A9 /* Assets.xcassets in Resources */,
				9CDCFCEE261394260006B2E7 /* LoadingCell.xib in Resources */,
				9C1E9382260F89B5001318A9 /* Main.storyboard in Resources */,
			);
			runOnlyForDeploymentPostprocessing = 0;
		};
		9C1E938B260F89B7001318A9 /* Resources */ = {
			isa = PBXResourcesBuildPhase;
			buildActionMask = 2147483647;
			files = (
			);
			runOnlyForDeploymentPostprocessing = 0;
		};
		9C1E9396260F89B7001318A9 /* Resources */ = {
			isa = PBXResourcesBuildPhase;
			buildActionMask = 2147483647;
			files = (
			);
			runOnlyForDeploymentPostprocessing = 0;
		};
/* End PBXResourcesBuildPhase section */

/* Begin PBXShellScriptBuildPhase section */
		43633D0E9A758D3C56DB1CBF /* [CP] Check Pods Manifest.lock */ = {
			isa = PBXShellScriptBuildPhase;
			buildActionMask = 2147483647;
			files = (
			);
			inputFileListPaths = (
			);
			inputPaths = (
				"${PODS_PODFILE_DIR_PATH}/Podfile.lock",
				"${PODS_ROOT}/Manifest.lock",
			);
			name = "[CP] Check Pods Manifest.lock";
			outputFileListPaths = (
			);
			outputPaths = (
				"$(DERIVED_FILE_DIR)/Pods-UserManager-checkManifestLockResult.txt",
			);
			runOnlyForDeploymentPostprocessing = 0;
			shellPath = /bin/sh;
			shellScript = "diff \"${PODS_PODFILE_DIR_PATH}/Podfile.lock\" \"${PODS_ROOT}/Manifest.lock\" > /dev/null\nif [ $? != 0 ] ; then\n    # print error to STDERR\n    echo \"error: The sandbox is not in sync with the Podfile.lock. Run 'pod install' or update your CocoaPods installation.\" >&2\n    exit 1\nfi\n# This output is used by Xcode 'outputs' to avoid re-running this script phase.\necho \"SUCCESS\" > \"${SCRIPT_OUTPUT_FILE_0}\"\n";
			showEnvVarsInLog = 0;
		};
		52A7E51E9E38F5CABB8457FF /* [CP] Embed Pods Frameworks */ = {
			isa = PBXShellScriptBuildPhase;
			buildActionMask = 2147483647;
			files = (
			);
			inputFileListPaths = (
				"${PODS_ROOT}/Target Support Files/Pods-UserManager-UserManagerUITests/Pods-UserManager-UserManagerUITests-frameworks-${CONFIGURATION}-input-files.xcfilelist",
			);
			name = "[CP] Embed Pods Frameworks";
			outputFileListPaths = (
				"${PODS_ROOT}/Target Support Files/Pods-UserManager-UserManagerUITests/Pods-UserManager-UserManagerUITests-frameworks-${CONFIGURATION}-output-files.xcfilelist",
			);
			runOnlyForDeploymentPostprocessing = 0;
			shellPath = /bin/sh;
			shellScript = "\"${PODS_ROOT}/Target Support Files/Pods-UserManager-UserManagerUITests/Pods-UserManager-UserManagerUITests-frameworks.sh\"\n";
			showEnvVarsInLog = 0;
		};
		644277417E31B53807126A3E /* [CP] Check Pods Manifest.lock */ = {
			isa = PBXShellScriptBuildPhase;
			buildActionMask = 2147483647;
			files = (
			);
			inputFileListPaths = (
			);
			inputPaths = (
				"${PODS_PODFILE_DIR_PATH}/Podfile.lock",
				"${PODS_ROOT}/Manifest.lock",
			);
			name = "[CP] Check Pods Manifest.lock";
			outputFileListPaths = (
			);
			outputPaths = (
				"$(DERIVED_FILE_DIR)/Pods-UserManagerTests-checkManifestLockResult.txt",
			);
			runOnlyForDeploymentPostprocessing = 0;
			shellPath = /bin/sh;
			shellScript = "diff \"${PODS_PODFILE_DIR_PATH}/Podfile.lock\" \"${PODS_ROOT}/Manifest.lock\" > /dev/null\nif [ $? != 0 ] ; then\n    # print error to STDERR\n    echo \"error: The sandbox is not in sync with the Podfile.lock. Run 'pod install' or update your CocoaPods installation.\" >&2\n    exit 1\nfi\n# This output is used by Xcode 'outputs' to avoid re-running this script phase.\necho \"SUCCESS\" > \"${SCRIPT_OUTPUT_FILE_0}\"\n";
			showEnvVarsInLog = 0;
		};
		65A7CC623E9EAB78E1D8DB6F /* [CP] Embed Pods Frameworks */ = {
			isa = PBXShellScriptBuildPhase;
			buildActionMask = 2147483647;
			files = (
			);
			inputFileListPaths = (
				"${PODS_ROOT}/Target Support Files/Pods-UserManager/Pods-UserManager-frameworks-${CONFIGURATION}-input-files.xcfilelist",
			);
			name = "[CP] Embed Pods Frameworks";
			outputFileListPaths = (
				"${PODS_ROOT}/Target Support Files/Pods-UserManager/Pods-UserManager-frameworks-${CONFIGURATION}-output-files.xcfilelist",
			);
			runOnlyForDeploymentPostprocessing = 0;
			shellPath = /bin/sh;
			shellScript = "\"${PODS_ROOT}/Target Support Files/Pods-UserManager/Pods-UserManager-frameworks.sh\"\n";
			showEnvVarsInLog = 0;
		};
		91753C2668C45F1AC4C1FCA2 /* [CP] Check Pods Manifest.lock */ = {
			isa = PBXShellScriptBuildPhase;
			buildActionMask = 2147483647;
			files = (
			);
			inputFileListPaths = (
			);
			inputPaths = (
				"${PODS_PODFILE_DIR_PATH}/Podfile.lock",
				"${PODS_ROOT}/Manifest.lock",
			);
			name = "[CP] Check Pods Manifest.lock";
			outputFileListPaths = (
			);
			outputPaths = (
				"$(DERIVED_FILE_DIR)/Pods-UserManager-UserManagerUITests-checkManifestLockResult.txt",
			);
			runOnlyForDeploymentPostprocessing = 0;
			shellPath = /bin/sh;
			shellScript = "diff \"${PODS_PODFILE_DIR_PATH}/Podfile.lock\" \"${PODS_ROOT}/Manifest.lock\" > /dev/null\nif [ $? != 0 ] ; then\n    # print error to STDERR\n    echo \"error: The sandbox is not in sync with the Podfile.lock. Run 'pod install' or update your CocoaPods installation.\" >&2\n    exit 1\nfi\n# This output is used by Xcode 'outputs' to avoid re-running this script phase.\necho \"SUCCESS\" > \"${SCRIPT_OUTPUT_FILE_0}\"\n";
			showEnvVarsInLog = 0;
		};
/* End PBXShellScriptBuildPhase section */

/* Begin PBXSourcesBuildPhase section */
		9C1E9373260F89B5001318A9 /* Sources */ = {
			isa = PBXSourcesBuildPhase;
			buildActionMask = 2147483647;
			files = (
				9CDCFCB92610ADF10006B2E7 /* String+URL.swift in Sources */,
				9CDCFC81260FCFF10006B2E7 /* Bundle+InfoPlistKeys.swift in Sources */,
				9CDCFC8A260FD0480006B2E7 /* NameDescribable.swift in Sources */,
				9CDCFC67260FCB160006B2E7 /* UIViewController+PushPop.swift in Sources */,
				9CDCFC41260FBEDA0006B2E7 /* User.swift in Sources */,
				9CDCFCC72610C65B0006B2E7 /* RealmManager.swift in Sources */,
				9CDCFCA12610A5000006B2E7 /* UIView+Layer.swift in Sources */,
				9CDCFC98261085CD0006B2E7 /* UserDetailsViewModel.swift in Sources */,
				9CDCFC90260FD5FD0006B2E7 /* UserTableViewCell.swift in Sources */,
				9CDCFC58260FCA4E0006B2E7 /* UserDetailsViewController.swift in Sources */,
				9C1E937B260F89B5001318A9 /* AppDelegate.swift in Sources */,
				9CDCFC62260FCABD0006B2E7 /* HTTPClient.swift in Sources */,
				9CDCFC46260FC50D0006B2E7 /* RequestResponse.swift in Sources */,
				9CDCFCC12610C5BD0006B2E7 /* RealmUserModel.swift in Sources */,
				9C1E937D260F89B5001318A9 /* SceneDelegate.swift in Sources */,
				9CDCFC6C260FCBC60006B2E7 /* UserModel.swift in Sources */,
				9CDCFC4E260FC7500006B2E7 /* UsersListViewController.swift in Sources */,
				9CDCFCED261394260006B2E7 /* LoadingCell.swift in Sources */,
				9CDCFCDD2610D74D0006B2E7 /* AppSettings.swift in Sources */,
				9CDCFC74260FCD2F0006B2E7 /* UserListViewModel.swift in Sources */,
			);
			runOnlyForDeploymentPostprocessing = 0;
		};
		9C1E9389260F89B7001318A9 /* Sources */ = {
			isa = PBXSourcesBuildPhase;
			buildActionMask = 2147483647;
			files = (
				9C1E9392260F89B7001318A9 /* UserManagerTests.swift in Sources */,
			);
			runOnlyForDeploymentPostprocessing = 0;
		};
		9C1E9394260F89B7001318A9 /* Sources */ = {
			isa = PBXSourcesBuildPhase;
			buildActionMask = 2147483647;
			files = (
				9C1E939D260F89B7001318A9 /* UserManagerUITests.swift in Sources */,
			);
			runOnlyForDeploymentPostprocessing = 0;
		};
/* End PBXSourcesBuildPhase section */

/* Begin PBXTargetDependency section */
		9C1E938F260F89B7001318A9 /* PBXTargetDependency */ = {
			isa = PBXTargetDependency;
			target = 9C1E9376260F89B5001318A9 /* UserManager */;
			targetProxy = 9C1E938E260F89B7001318A9 /* PBXContainerItemProxy */;
		};
		9C1E939A260F89B7001318A9 /* PBXTargetDependency */ = {
			isa = PBXTargetDependency;
			target = 9C1E9376260F89B5001318A9 /* UserManager */;
			targetProxy = 9C1E9399260F89B7001318A9 /* PBXContainerItemProxy */;
		};
/* End PBXTargetDependency section */

/* Begin PBXVariantGroup section */
		9C1E9380260F89B5001318A9 /* Main.storyboard */ = {
			isa = PBXVariantGroup;
			children = (
				9C1E9381260F89B5001318A9 /* Base */,
			);
			name = Main.storyboard;
			sourceTree = "<group>";
		};
		9C1E9385260F89B7001318A9 /* LaunchScreen.storyboard */ = {
			isa = PBXVariantGroup;
			children = (
				9C1E9386260F89B7001318A9 /* Base */,
			);
			name = LaunchScreen.storyboard;
			sourceTree = "<group>";
		};
/* End PBXVariantGroup section */

/* Begin XCBuildConfiguration section */
		9C1E939F260F89B7001318A9 /* Debug */ = {
			isa = XCBuildConfiguration;
			buildSettings = {
				ALWAYS_SEARCH_USER_PATHS = NO;
				CLANG_ANALYZER_NONNULL = YES;
				CLANG_ANALYZER_NUMBER_OBJECT_CONVERSION = YES_AGGRESSIVE;
				CLANG_CXX_LANGUAGE_STANDARD = "gnu++14";
				CLANG_CXX_LIBRARY = "libc++";
				CLANG_ENABLE_MODULES = YES;
				CLANG_ENABLE_OBJC_ARC = YES;
				CLANG_ENABLE_OBJC_WEAK = YES;
				CLANG_WARN_BLOCK_CAPTURE_AUTORELEASING = YES;
				CLANG_WARN_BOOL_CONVERSION = YES;
				CLANG_WARN_COMMA = YES;
				CLANG_WARN_CONSTANT_CONVERSION = YES;
				CLANG_WARN_DEPRECATED_OBJC_IMPLEMENTATIONS = YES;
				CLANG_WARN_DIRECT_OBJC_ISA_USAGE = YES_ERROR;
				CLANG_WARN_DOCUMENTATION_COMMENTS = YES;
				CLANG_WARN_EMPTY_BODY = YES;
				CLANG_WARN_ENUM_CONVERSION = YES;
				CLANG_WARN_INFINITE_RECURSION = YES;
				CLANG_WARN_INT_CONVERSION = YES;
				CLANG_WARN_NON_LITERAL_NULL_CONVERSION = YES;
				CLANG_WARN_OBJC_IMPLICIT_RETAIN_SELF = YES;
				CLANG_WARN_OBJC_LITERAL_CONVERSION = YES;
				CLANG_WARN_OBJC_ROOT_CLASS = YES_ERROR;
				CLANG_WARN_QUOTED_INCLUDE_IN_FRAMEWORK_HEADER = YES;
				CLANG_WARN_RANGE_LOOP_ANALYSIS = YES;
				CLANG_WARN_STRICT_PROTOTYPES = YES;
				CLANG_WARN_SUSPICIOUS_MOVE = YES;
				CLANG_WARN_UNGUARDED_AVAILABILITY = YES_AGGRESSIVE;
				CLANG_WARN_UNREACHABLE_CODE = YES;
				CLANG_WARN__DUPLICATE_METHOD_MATCH = YES;
				COPY_PHASE_STRIP = NO;
				DEBUG_INFORMATION_FORMAT = dwarf;
				ENABLE_STRICT_OBJC_MSGSEND = YES;
				ENABLE_TESTABILITY = YES;
				GCC_C_LANGUAGE_STANDARD = gnu11;
				GCC_DYNAMIC_NO_PIC = NO;
				GCC_NO_COMMON_BLOCKS = YES;
				GCC_OPTIMIZATION_LEVEL = 0;
				GCC_PREPROCESSOR_DEFINITIONS = (
					"DEBUG=1",
					"$(inherited)",
				);
				GCC_WARN_64_TO_32_BIT_CONVERSION = YES;
				GCC_WARN_ABOUT_RETURN_TYPE = YES_ERROR;
				GCC_WARN_UNDECLARED_SELECTOR = YES;
				GCC_WARN_UNINITIALIZED_AUTOS = YES_AGGRESSIVE;
				GCC_WARN_UNUSED_FUNCTION = YES;
				GCC_WARN_UNUSED_VARIABLE = YES;
				IPHONEOS_DEPLOYMENT_TARGET = 14.4;
				MTL_ENABLE_DEBUG_INFO = INCLUDE_SOURCE;
				MTL_FAST_MATH = YES;
				ONLY_ACTIVE_ARCH = YES;
				SDKROOT = iphoneos;
				SWIFT_ACTIVE_COMPILATION_CONDITIONS = DEBUG;
				SWIFT_OPTIMIZATION_LEVEL = "-Onone";
			};
			name = Debug;
		};
		9C1E93A0260F89B7001318A9 /* Release */ = {
			isa = XCBuildConfiguration;
			buildSettings = {
				ALWAYS_SEARCH_USER_PATHS = NO;
				CLANG_ANALYZER_NONNULL = YES;
				CLANG_ANALYZER_NUMBER_OBJECT_CONVERSION = YES_AGGRESSIVE;
				CLANG_CXX_LANGUAGE_STANDARD = "gnu++14";
				CLANG_CXX_LIBRARY = "libc++";
				CLANG_ENABLE_MODULES = YES;
				CLANG_ENABLE_OBJC_ARC = YES;
				CLANG_ENABLE_OBJC_WEAK = YES;
				CLANG_WARN_BLOCK_CAPTURE_AUTORELEASING = YES;
				CLANG_WARN_BOOL_CONVERSION = YES;
				CLANG_WARN_COMMA = YES;
				CLANG_WARN_CONSTANT_CONVERSION = YES;
				CLANG_WARN_DEPRECATED_OBJC_IMPLEMENTATIONS = YES;
				CLANG_WARN_DIRECT_OBJC_ISA_USAGE = YES_ERROR;
				CLANG_WARN_DOCUMENTATION_COMMENTS = YES;
				CLANG_WARN_EMPTY_BODY = YES;
				CLANG_WARN_ENUM_CONVERSION = YES;
				CLANG_WARN_INFINITE_RECURSION = YES;
				CLANG_WARN_INT_CONVERSION = YES;
				CLANG_WARN_NON_LITERAL_NULL_CONVERSION = YES;
				CLANG_WARN_OBJC_IMPLICIT_RETAIN_SELF = YES;
				CLANG_WARN_OBJC_LITERAL_CONVERSION = YES;
				CLANG_WARN_OBJC_ROOT_CLASS = YES_ERROR;
				CLANG_WARN_QUOTED_INCLUDE_IN_FRAMEWORK_HEADER = YES;
				CLANG_WARN_RANGE_LOOP_ANALYSIS = YES;
				CLANG_WARN_STRICT_PROTOTYPES = YES;
				CLANG_WARN_SUSPICIOUS_MOVE = YES;
				CLANG_WARN_UNGUARDED_AVAILABILITY = YES_AGGRESSIVE;
				CLANG_WARN_UNREACHABLE_CODE = YES;
				CLANG_WARN__DUPLICATE_METHOD_MATCH = YES;
				COPY_PHASE_STRIP = NO;
				DEBUG_INFORMATION_FORMAT = "dwarf-with-dsym";
				ENABLE_NS_ASSERTIONS = NO;
				ENABLE_STRICT_OBJC_MSGSEND = YES;
				GCC_C_LANGUAGE_STANDARD = gnu11;
				GCC_NO_COMMON_BLOCKS = YES;
				GCC_WARN_64_TO_32_BIT_CONVERSION = YES;
				GCC_WARN_ABOUT_RETURN_TYPE = YES_ERROR;
				GCC_WARN_UNDECLARED_SELECTOR = YES;
				GCC_WARN_UNINITIALIZED_AUTOS = YES_AGGRESSIVE;
				GCC_WARN_UNUSED_FUNCTION = YES;
				GCC_WARN_UNUSED_VARIABLE = YES;
				IPHONEOS_DEPLOYMENT_TARGET = 14.4;
				MTL_ENABLE_DEBUG_INFO = NO;
				MTL_FAST_MATH = YES;
				SDKROOT = iphoneos;
				SWIFT_COMPILATION_MODE = wholemodule;
				SWIFT_OPTIMIZATION_LEVEL = "-O";
				VALIDATE_PRODUCT = YES;
			};
			name = Release;
		};
		9C1E93A2260F89B7001318A9 /* Debug */ = {
			isa = XCBuildConfiguration;
			baseConfigurationReference = 330BDC05C98DE7A1EE736C35 /* Pods-UserManager.debug.xcconfig */;
			buildSettings = {
				ASSETCATALOG_COMPILER_APPICON_NAME = AppIcon;
				ASSETCATALOG_COMPILER_GLOBAL_ACCENT_COLOR_NAME = AccentColor;
				CODE_SIGN_STYLE = Automatic;
				DEVELOPMENT_TEAM = 6C89N3T7B7;
				INFOPLIST_FILE = UserManager/Resources/Info.plist;
				LD_RUNPATH_SEARCH_PATHS = (
					"$(inherited)",
					"@executable_path/Frameworks",
				);
				PRODUCT_BUNDLE_IDENTIFIER = "com.Fifth-LLC.UserManager";
				PRODUCT_NAME = "$(TARGET_NAME)";
				SWIFT_VERSION = 5.0;
				TARGETED_DEVICE_FAMILY = "1,2";
			};
			name = Debug;
		};
		9C1E93A3260F89B7001318A9 /* Release */ = {
			isa = XCBuildConfiguration;
			baseConfigurationReference = D5B43E2F312968A21A35BFE2 /* Pods-UserManager.release.xcconfig */;
			buildSettings = {
				ASSETCATALOG_COMPILER_APPICON_NAME = AppIcon;
				ASSETCATALOG_COMPILER_GLOBAL_ACCENT_COLOR_NAME = AccentColor;
				CODE_SIGN_STYLE = Automatic;
				DEVELOPMENT_TEAM = 6C89N3T7B7;
				INFOPLIST_FILE = UserManager/Resources/Info.plist;
				LD_RUNPATH_SEARCH_PATHS = (
					"$(inherited)",
					"@executable_path/Frameworks",
				);
				PRODUCT_BUNDLE_IDENTIFIER = "com.Fifth-LLC.UserManager";
				PRODUCT_NAME = "$(TARGET_NAME)";
				SWIFT_VERSION = 5.0;
				TARGETED_DEVICE_FAMILY = "1,2";
			};
			name = Release;
		};
		9C1E93A5260F89B7001318A9 /* Debug */ = {
			isa = XCBuildConfiguration;
			baseConfigurationReference = 19AD6A021F940834316CF958 /* Pods-UserManagerTests.debug.xcconfig */;
			buildSettings = {
				ALWAYS_EMBED_SWIFT_STANDARD_LIBRARIES = YES;
				BUNDLE_LOADER = "$(TEST_HOST)";
				CODE_SIGN_STYLE = Automatic;
				DEVELOPMENT_TEAM = 6C89N3T7B7;
				INFOPLIST_FILE = UserManagerTests/Info.plist;
				IPHONEOS_DEPLOYMENT_TARGET = 14.4;
				LD_RUNPATH_SEARCH_PATHS = (
					"$(inherited)",
					"@executable_path/Frameworks",
					"@loader_path/Frameworks",
				);
				PRODUCT_BUNDLE_IDENTIFIER = "com.Fifth-LLC.UserManagerTests";
				PRODUCT_NAME = "$(TARGET_NAME)";
				SWIFT_VERSION = 5.0;
				TARGETED_DEVICE_FAMILY = "1,2";
				TEST_HOST = "$(BUILT_PRODUCTS_DIR)/UserManager.app/UserManager";
			};
			name = Debug;
		};
		9C1E93A6260F89B7001318A9 /* Release */ = {
			isa = XCBuildConfiguration;
			baseConfigurationReference = 24A9B8415E5EB46120DE417F /* Pods-UserManagerTests.release.xcconfig */;
			buildSettings = {
				ALWAYS_EMBED_SWIFT_STANDARD_LIBRARIES = YES;
				BUNDLE_LOADER = "$(TEST_HOST)";
				CODE_SIGN_STYLE = Automatic;
				DEVELOPMENT_TEAM = 6C89N3T7B7;
				INFOPLIST_FILE = UserManagerTests/Info.plist;
				IPHONEOS_DEPLOYMENT_TARGET = 14.4;
				LD_RUNPATH_SEARCH_PATHS = (
					"$(inherited)",
					"@executable_path/Frameworks",
					"@loader_path/Frameworks",
				);
				PRODUCT_BUNDLE_IDENTIFIER = "com.Fifth-LLC.UserManagerTests";
				PRODUCT_NAME = "$(TARGET_NAME)";
				SWIFT_VERSION = 5.0;
				TARGETED_DEVICE_FAMILY = "1,2";
				TEST_HOST = "$(BUILT_PRODUCTS_DIR)/UserManager.app/UserManager";
			};
			name = Release;
		};
		9C1E93A8260F89B7001318A9 /* Debug */ = {
			isa = XCBuildConfiguration;
			baseConfigurationReference = 0AF55F927FF6A352CC8F7846 /* Pods-UserManager-UserManagerUITests.debug.xcconfig */;
			buildSettings = {
				ALWAYS_EMBED_SWIFT_STANDARD_LIBRARIES = YES;
				CODE_SIGN_STYLE = Automatic;
				DEVELOPMENT_TEAM = 6C89N3T7B7;
				INFOPLIST_FILE = UserManagerUITests/Info.plist;
				LD_RUNPATH_SEARCH_PATHS = (
					"$(inherited)",
					"@executable_path/Frameworks",
					"@loader_path/Frameworks",
				);
				PRODUCT_BUNDLE_IDENTIFIER = "com.Fifth-LLC.UserManagerUITests";
				PRODUCT_NAME = "$(TARGET_NAME)";
				SWIFT_VERSION = 5.0;
				TARGETED_DEVICE_FAMILY = "1,2";
				TEST_TARGET_NAME = UserManager;
			};
			name = Debug;
		};
		9C1E93A9260F89B7001318A9 /* Release */ = {
			isa = XCBuildConfiguration;
			baseConfigurationReference = 9C634B648F152F16B46B9369 /* Pods-UserManager-UserManagerUITests.release.xcconfig */;
			buildSettings = {
				ALWAYS_EMBED_SWIFT_STANDARD_LIBRARIES = YES;
				CODE_SIGN_STYLE = Automatic;
				DEVELOPMENT_TEAM = 6C89N3T7B7;
				INFOPLIST_FILE = UserManagerUITests/Info.plist;
				LD_RUNPATH_SEARCH_PATHS = (
					"$(inherited)",
					"@executable_path/Frameworks",
					"@loader_path/Frameworks",
				);
				PRODUCT_BUNDLE_IDENTIFIER = "com.Fifth-LLC.UserManagerUITests";
				PRODUCT_NAME = "$(TARGET_NAME)";
				SWIFT_VERSION = 5.0;
				TARGETED_DEVICE_FAMILY = "1,2";
				TEST_TARGET_NAME = UserManager;
			};
			name = Release;
		};
/* End XCBuildConfiguration section */

/* Begin XCConfigurationList section */
		9C1E9372260F89B5001318A9 /* Build configuration list for PBXProject "UserManager" */ = {
			isa = XCConfigurationList;
			buildConfigurations = (
				9C1E939F260F89B7001318A9 /* Debug */,
				9C1E93A0260F89B7001318A9 /* Release */,
			);
			defaultConfigurationIsVisible = 0;
			defaultConfigurationName = Release;
		};
		9C1E93A1260F89B7001318A9 /* Build configuration list for PBXNativeTarget "UserManager" */ = {
			isa = XCConfigurationList;
			buildConfigurations = (
				9C1E93A2260F89B7001318A9 /* Debug */,
				9C1E93A3260F89B7001318A9 /* Release */,
			);
			defaultConfigurationIsVisible = 0;
			defaultConfigurationName = Release;
		};
		9C1E93A4260F89B7001318A9 /* Build configuration list for PBXNativeTarget "UserManagerTests" */ = {
			isa = XCConfigurationList;
			buildConfigurations = (
				9C1E93A5260F89B7001318A9 /* Debug */,
				9C1E93A6260F89B7001318A9 /* Release */,
			);
			defaultConfigurationIsVisible = 0;
			defaultConfigurationName = Release;
		};
		9C1E93A7260F89B7001318A9 /* Build configuration list for PBXNativeTarget "UserManagerUITests" */ = {
			isa = XCConfigurationList;
			buildConfigurations = (
				9C1E93A8260F89B7001318A9 /* Debug */,
				9C1E93A9260F89B7001318A9 /* Release */,
			);
			defaultConfigurationIsVisible = 0;
			defaultConfigurationName = Release;
		};
/* End XCConfigurationList section */
	};
	rootObject = 9C1E936F260F89B5001318A9 /* Project object */;
}
